
Microsoft Visual Studio Solution File, Format Version 12.00
# Visual Studio Version 17
VisualStudioVersion = 17.2.32616.157
MinimumVisualStudioVersion = 10.0.40219.1
Project("{FAE04EC0-301F-11D3-BF4B-00C04F79EFBC}") = "BurgerJACK", "BurgerJACK\BurgerJACK.csproj", "{4D0AAFB9-5EBC-4681-85C4-ACD3F51EA2EE}"
EndProject
Project("{FAE04EC0-301F-11D3-BF4B-00C04F79EFBC}") = "EntityLayerr", "EntityLayerr\EntityLayerr.csproj", "{A7996284-5D9C-4C67-9A58-4B12ADE4C818}"
EndProject
Project("{FAE04EC0-301F-11D3-BF4B-00C04F79EFBC}") = "DataAccessLayer", "DataAccessLayer\DataAccessLayer.csproj", "{71CCFBE7-98B3-4E22-B49E-AE9A171A5E50}"
EndProject
Project("{FAE04EC0-301F-11D3-BF4B-00C04F79EFBC}") = "BusinessLayer", "BusinessLayer\BusinessLayer.csproj", "{B2BA7ABC-FD42-4181-8620-5A51B1862044}"
EndProject
Global
	GlobalSection(SolutionConfigurationPlatforms) = preSolution
		Debug|Any CPU = Debug|Any CPU
		Release|Any CPU = Release|Any CPU
	EndGlobalSection
	GlobalSection(ProjectConfigurationPlatforms) = postSolution
		{4D0AAFB9-5EBC-4681-85C4-ACD3F51EA2EE}.Debug|Any CPU.ActiveCfg = Debug|Any CPU
		{4D0AAFB9-5EBC-4681-85C4-ACD3F51EA2EE}.Debug|Any CPU.Build.0 = Debug|Any CPU
		{4D0AAFB9-5EBC-4681-85C4-ACD3F51EA2EE}.Release|Any CPU.ActiveCfg = Release|Any CPU
		{4D0AAFB9-5EBC-4681-85C4-ACD3F51EA2EE}.Release|Any CPU.Build.0 = Release|Any CPU
		{A7996284-5D9C-4C67-9A58-4B12ADE4C818}.Debug|Any CPU.ActiveCfg = Debug|Any CPU
		{A7996284-5D9C-4C67-9A58-4B12ADE4C818}.Debug|Any CPU.Build.0 = Debug|Any CPU
		{A7996284-5D9C-4C67-9A58-4B12ADE4C818}.Release|Any CPU.ActiveCfg = Release|Any CPU
		{A7996284-5D9C-4C67-9A58-4B12ADE4C818}.Release|Any CPU.Build.0 = Release|Any CPU
		{71CCFBE7-98B3-4E22-B49E-AE9A171A5E50}.Debug|Any CPU.ActiveCfg = Debug|Any CPU
		{71CCFBE7-98B3-4E22-B49E-AE9A171A5E50}.Debug|Any CPU.Build.0 = Debug|Any CPU
		{71CCFBE7-98B3-4E22-B49E-AE9A171A5E50}.Release|Any CPU.ActiveCfg = Release|Any CPU
		{71CCFBE7-98B3-4E22-B49E-AE9A171A5E50}.Release|Any CPU.Build.0 = Release|Any CPU
		{B2BA7ABC-FD42-4181-8620-5A51B1862044}.Debug|Any CPU.ActiveCfg = Debug|Any CPU
		{B2BA7ABC-FD42-4181-8620-5A51B1862044}.Debug|Any CPU.Build.0 = Debug|Any CPU
		{B2BA7ABC-FD42-4181-8620-5A51B1862044}.Release|Any CPU.ActiveCfg = Release|Any CPU
		{B2BA7ABC-FD42-4181-8620-5A51B1862044}.Release|Any CPU.Build.0 = Release|Any CPU
	EndGlobalSection
	GlobalSection(SolutionProperties) = preSolution
		HideSolutionNode = FALSE
	EndGlobalSection
	GlobalSection(ExtensibilityGlobals) = postSolution
		SolutionGuid = {B4B04465-91CF-48FC-AD93-9427BB5D7FA5}
	EndGlobalSection
EndGlobal
